
Microsoft Visual Studio Solution File, Format Version 12.00
# Visual Studio 15
VisualStudioVersion = 15.0.28010.2036
MinimumVisualStudioVersion = 10.0.40219.1
Project("{FAE04EC0-301F-11D3-BF4B-00C04F79EFBC}") = "WebApplication2", "WebApplication2\WebApplication2.csproj", "{5A46B717-D6DC-482B-9E44-C8C401F40A70}"
EndProject
Global
	GlobalSection(SolutionConfigurationPlatforms) = preSolution
		Debug|Any CPU = Debug|Any CPU
		Release|Any CPU = Release|Any CPU
	EndGlobalSection
	GlobalSection(ProjectConfigurationPlatforms) = postSolution
		{5A46B717-D6DC-482B-9E44-C8C401F40A70}.Debug|Any CPU.ActiveCfg = Debug|Any CPU
		{5A46B717-D6DC-482B-9E44-C8C401F40A70}.Debug|Any CPU.Build.0 = Debug|Any CPU
		{5A46B717-D6DC-482B-9E44-C8C401F40A70}.Release|Any CPU.ActiveCfg = Release|Any CPU
		{5A46B717-D6DC-482B-9E44-C8C401F40A70}.Release|Any CPU.Build.0 = Release|Any CPU
	EndGlobalSection
	GlobalSection(SolutionProperties) = preSolution
		HideSolutionNode = FALSE
	EndGlobalSection
	GlobalSection(ExtensibilityGlobals) = postSolution
		SolutionGuid = {41CA4CC5-F86E-426C-BEF1-44E5F6EC6131}
	EndGlobalSection
EndGlobal
